
Microsoft Visual Studio Solution File, Format Version 12.00
# Visual Studio Version 16
VisualStudioVersion = 16.0.30804.86
MinimumVisualStudioVersion = 10.0.40219.1
Project("{FAE04EC0-301F-11D3-BF4B-00C04F79EFBC}") = "Mawa.FileMe", "Mawa.FileMe\Mawa.FileMe.csproj", "{810CC105-8517-4214-ADB8-F3349CD5EC24}"
EndProject
Global
	GlobalSection(SolutionConfigurationPlatforms) = preSolution
		Debug|Any CPU = Debug|Any CPU
		Release|Any CPU = Release|Any CPU
	EndGlobalSection
	GlobalSection(ProjectConfigurationPlatforms) = postSolution
		{810CC105-8517-4214-ADB8-F3349CD5EC24}.Debug|Any CPU.ActiveCfg = Debug|Any CPU
		{810CC105-8517-4214-ADB8-F3349CD5EC24}.Debug|Any CPU.Build.0 = Debug|Any CPU
		{810CC105-8517-4214-ADB8-F3349CD5EC24}.Release|Any CPU.ActiveCfg = Release|Any CPU
		{810CC105-8517-4214-ADB8-F3349CD5EC24}.Release|Any CPU.Build.0 = Release|Any CPU
	EndGlobalSection
	GlobalSection(SolutionProperties) = preSolution
		HideSolutionNode = FALSE
	EndGlobalSection
	GlobalSection(ExtensibilityGlobals) = postSolution
		SolutionGuid = {B89E0536-5B6C-45D1-BD77-D5A8C9F51E64}
	EndGlobalSection
EndGlobal
